
Microsoft Visual Studio Solution File, Format Version 12.00
# Visual Studio Version 17
VisualStudioVersion = 17.3.32929.385
MinimumVisualStudioVersion = 10.0.40219.1
Project("{FAE04EC0-301F-11D3-BF4B-00C04F79EFBC}") = "Visual-htb", "Visual-htb.csproj", "{B28D2D04-9CD7-43AE-96FE-C442BBB5F8BE}"
EndProject
Global
	GlobalSection(SolutionConfigurationPlatforms) = preSolution
		Debug|Any CPU = Debug|Any CPU
		Release|Any CPU = Release|Any CPU
	EndGlobalSection
	GlobalSection(ProjectConfigurationPlatforms) = postSolution
		{B28D2D04-9CD7-43AE-96FE-C442BBB5F8BE}.Debug|Any CPU.ActiveCfg = Debug|Any CPU
		{B28D2D04-9CD7-43AE-96FE-C442BBB5F8BE}.Debug|Any CPU.Build.0 = Debug|Any CPU
		{B28D2D04-9CD7-43AE-96FE-C442BBB5F8BE}.Release|Any CPU.ActiveCfg = Release|Any CPU
		{B28D2D04-9CD7-43AE-96FE-C442BBB5F8BE}.Release|Any CPU.Build.0 = Release|Any CPU
	EndGlobalSection
	GlobalSection(SolutionProperties) = preSolution
		HideSolutionNode = FALSE
	EndGlobalSection
	GlobalSection(ExtensibilityGlobals) = postSolution
		SolutionGuid = {2C3BA00C-8A05-4F89-AD63-1FC784D32696}
	EndGlobalSection
EndGlobal
